// !$*UTF8*$!
{
	archiveVersion = 1;
	classes = {
	};
	objectVersion = 46;
	objects = {

/* Begin PBXBuildFile section */
		050F38561F5351510058C72D /* DataService.swift in Sources */ = {isa = PBXBuildFile; fileRef = 050F38551F5351510058C72D /* DataService.swift */; };
		050F38581F5363C40058C72D /* Post.swift in Sources */ = {isa = PBXBuildFile; fileRef = 050F38571F5363C40058C72D /* Post.swift */; };
		0544408D1F52B8730023A383 /* CircleView.swift in Sources */ = {isa = PBXBuildFile; fileRef = 0544408C1F52B8730023A383 /* CircleView.swift */; };
		0544408F1F52D0F60023A383 /* PostCellTableViewCell.swift in Sources */ = {isa = PBXBuildFile; fileRef = 0544408E1F52D0F60023A383 /* PostCellTableViewCell.swift */; };
		05569AE41F5C7001000147B0 /* IQNSArray+Sort.swift in Sources */ = {isa = PBXBuildFile; fileRef = 05569ACE1F5C7001000147B0 /* IQNSArray+Sort.swift */; };
		05569AE51F5C7001000147B0 /* IQUIScrollView+Additions.swift in Sources */ = {isa = PBXBuildFile; fileRef = 05569ACF1F5C7001000147B0 /* IQUIScrollView+Additions.swift */; };
		05569AE61F5C7001000147B0 /* IQUITextFieldView+Additions.swift in Sources */ = {isa = PBXBuildFile; fileRef = 05569AD01F5C7001000147B0 /* IQUITextFieldView+Additions.swift */; };
		05569AE71F5C7001000147B0 /* IQUIView+Hierarchy.swift in Sources */ = {isa = PBXBuildFile; fileRef = 05569AD11F5C7001000147B0 /* IQUIView+Hierarchy.swift */; };
		05569AE81F5C7001000147B0 /* IQUIViewController+Additions.swift in Sources */ = {isa = PBXBuildFile; fileRef = 05569AD21F5C7001000147B0 /* IQUIViewController+Additions.swift */; };
		05569AE91F5C7001000147B0 /* IQUIWindow+Hierarchy.swift in Sources */ = {isa = PBXBuildFile; fileRef = 05569AD31F5C7001000147B0 /* IQUIWindow+Hierarchy.swift */; };
		05569AEA1F5C7001000147B0 /* IQKeyboardManagerConstants.swift in Sources */ = {isa = PBXBuildFile; fileRef = 05569AD51F5C7001000147B0 /* IQKeyboardManagerConstants.swift */; };
		05569AEB1F5C7001000147B0 /* IQKeyboardManagerConstantsInternal.swift in Sources */ = {isa = PBXBuildFile; fileRef = 05569AD61F5C7001000147B0 /* IQKeyboardManagerConstantsInternal.swift */; };
		05569AEC1F5C7001000147B0 /* IQKeyboardManager.swift in Sources */ = {isa = PBXBuildFile; fileRef = 05569AD71F5C7001000147B0 /* IQKeyboardManager.swift */; };
		05569AED1F5C7001000147B0 /* IQKeyboardReturnKeyHandler.swift in Sources */ = {isa = PBXBuildFile; fileRef = 05569AD91F5C7001000147B0 /* IQKeyboardReturnKeyHandler.swift */; };
		05569AEE1F5C7001000147B0 /* IQTextView.swift in Sources */ = {isa = PBXBuildFile; fileRef = 05569ADB1F5C7001000147B0 /* IQTextView.swift */; };
		05569AEF1F5C7001000147B0 /* IQBarButtonItem.swift in Sources */ = {isa = PBXBuildFile; fileRef = 05569ADD1F5C7001000147B0 /* IQBarButtonItem.swift */; };
		05569AF01F5C7001000147B0 /* IQPreviousNextView.swift in Sources */ = {isa = PBXBuildFile; fileRef = 05569ADE1F5C7001000147B0 /* IQPreviousNextView.swift */; };
		05569AF11F5C7001000147B0 /* IQTitleBarButtonItem.swift in Sources */ = {isa = PBXBuildFile; fileRef = 05569ADF1F5C7001000147B0 /* IQTitleBarButtonItem.swift */; };
		05569AF21F5C7001000147B0 /* IQToolbar.swift in Sources */ = {isa = PBXBuildFile; fileRef = 05569AE01F5C7001000147B0 /* IQToolbar.swift */; };
		05569AF31F5C7001000147B0 /* IQUIView+IQKeyboardToolbar.swift in Sources */ = {isa = PBXBuildFile; fileRef = 05569AE11F5C7001000147B0 /* IQUIView+IQKeyboardToolbar.swift */; };
		05569AF41F5C7001000147B0 /* IQKeyboardManager.bundle in Resources */ = {isa = PBXBuildFile; fileRef = 05569AE31F5C7001000147B0 /* IQKeyboardManager.bundle */; };
		05F2A7261F5068220083C889 /* AppDelegate.swift in Sources */ = {isa = PBXBuildFile; fileRef = 05F2A7251F5068220083C889 /* AppDelegate.swift */; };
		05F2A7281F5068220083C889 /* SignInVC.swift in Sources */ = {isa = PBXBuildFile; fileRef = 05F2A7271F5068220083C889 /* SignInVC.swift */; };
		05F2A72B1F5068220083C889 /* Main.storyboard in Resources */ = {isa = PBXBuildFile; fileRef = 05F2A7291F5068220083C889 /* Main.storyboard */; };
		05F2A72D1F5068220083C889 /* Assets.xcassets in Resources */ = {isa = PBXBuildFile; fileRef = 05F2A72C1F5068220083C889 /* Assets.xcassets */; };
		05F2A7301F5068220083C889 /* LaunchScreen.storyboard in Resources */ = {isa = PBXBuildFile; fileRef = 05F2A72E1F5068220083C889 /* LaunchScreen.storyboard */; };
		05F2A7381F50687B0083C889 /* GoogleService-Info.plist in Resources */ = {isa = PBXBuildFile; fileRef = 05F2A7371F50687B0083C889 /* GoogleService-Info.plist */; };
		05F2A73D1F507CBA0083C889 /* FancyView.swift in Sources */ = {isa = PBXBuildFile; fileRef = 05F2A73C1F507CBA0083C889 /* FancyView.swift */; };
		05F2A7401F507D230083C889 /* Constants.swift in Sources */ = {isa = PBXBuildFile; fileRef = 05F2A73F1F507D230083C889 /* Constants.swift */; };
		05F2A7421F507EBA0083C889 /* RoundBtn.swift in Sources */ = {isa = PBXBuildFile; fileRef = 05F2A7411F507EBA0083C889 /* RoundBtn.swift */; };
		05F2A7441F5081170083C889 /* FancyField.swift in Sources */ = {isa = PBXBuildFile; fileRef = 05F2A7431F5081170083C889 /* FancyField.swift */; };
		05F2A7461F5082020083C889 /* FancyBtn.swift in Sources */ = {isa = PBXBuildFile; fileRef = 05F2A7451F5082020083C889 /* FancyBtn.swift */; };
		05F2A7481F50ABD80083C889 /* FeedVC.swift in Sources */ = {isa = PBXBuildFile; fileRef = 05F2A7471F50ABD80083C889 /* FeedVC.swift */; };
		FEAF963BDF122D1FA239B81B /* Pods_MySocial.framework in Frameworks */ = {isa = PBXBuildFile; fileRef = D6771E43D60F99E6518A8A8D /* Pods_MySocial.framework */; };
/* End PBXBuildFile section */

/* Begin PBXFileReference section */
		050F38551F5351510058C72D /* DataService.swift */ = {isa = PBXFileReference; fileEncoding = 4; lastKnownFileType = sourcecode.swift; path = DataService.swift; sourceTree = "<group>"; };
		050F38571F5363C40058C72D /* Post.swift */ = {isa = PBXFileReference; fileEncoding = 4; lastKnownFileType = sourcecode.swift; path = Post.swift; sourceTree = "<group>"; };
		0544408C1F52B8730023A383 /* CircleView.swift */ = {isa = PBXFileReference; fileEncoding = 4; lastKnownFileType = sourcecode.swift; path = CircleView.swift; sourceTree = "<group>"; };
		0544408E1F52D0F60023A383 /* PostCellTableViewCell.swift */ = {isa = PBXFileReference; fileEncoding = 4; lastKnownFileType = sourcecode.swift; path = PostCellTableViewCell.swift; sourceTree = "<group>"; };
		05569ACE1F5C7001000147B0 /* IQNSArray+Sort.swift */ = {isa = PBXFileReference; fileEncoding = 4; lastKnownFileType = sourcecode.swift; path = "IQNSArray+Sort.swift"; sourceTree = "<group>"; };
		05569ACF1F5C7001000147B0 /* IQUIScrollView+Additions.swift */ = {isa = PBXFileReference; fileEncoding = 4; lastKnownFileType = sourcecode.swift; path = "IQUIScrollView+Additions.swift"; sourceTree = "<group>"; };
		05569AD01F5C7001000147B0 /* IQUITextFieldView+Additions.swift */ = {isa = PBXFileReference; fileEncoding = 4; lastKnownFileType = sourcecode.swift; path = "IQUITextFieldView+Additions.swift"; sourceTree = "<group>"; };
		05569AD11F5C7001000147B0 /* IQUIView+Hierarchy.swift */ = {isa = PBXFileReference; fileEncoding = 4; lastKnownFileType = sourcecode.swift; path = "IQUIView+Hierarchy.swift"; sourceTree = "<group>"; };
		05569AD21F5C7001000147B0 /* IQUIViewController+Additions.swift */ = {isa = PBXFileReference; fileEncoding = 4; lastKnownFileType = sourcecode.swift; path = "IQUIViewController+Additions.swift"; sourceTree = "<group>"; };
		05569AD31F5C7001000147B0 /* IQUIWindow+Hierarchy.swift */ = {isa = PBXFileReference; fileEncoding = 4; lastKnownFileType = sourcecode.swift; path = "IQUIWindow+Hierarchy.swift"; sourceTree = "<group>"; };
		05569AD51F5C7001000147B0 /* IQKeyboardManagerConstants.swift */ = {isa = PBXFileReference; fileEncoding = 4; lastKnownFileType = sourcecode.swift; path = IQKeyboardManagerConstants.swift; sourceTree = "<group>"; };
		05569AD61F5C7001000147B0 /* IQKeyboardManagerConstantsInternal.swift */ = {isa = PBXFileReference; fileEncoding = 4; lastKnownFileType = sourcecode.swift; path = IQKeyboardManagerConstantsInternal.swift; sourceTree = "<group>"; };
		05569AD71F5C7001000147B0 /* IQKeyboardManager.swift */ = {isa = PBXFileReference; fileEncoding = 4; lastKnownFileType = sourcecode.swift; path = IQKeyboardManager.swift; sourceTree = "<group>"; };
		05569AD81F5C7001000147B0 /* IQKeyboardManagerSwift.h */ = {isa = PBXFileReference; fileEncoding = 4; lastKnownFileType = sourcecode.c.h; path = IQKeyboardManagerSwift.h; sourceTree = "<group>"; };
		05569AD91F5C7001000147B0 /* IQKeyboardReturnKeyHandler.swift */ = {isa = PBXFileReference; fileEncoding = 4; lastKnownFileType = sourcecode.swift; path = IQKeyboardReturnKeyHandler.swift; sourceTree = "<group>"; };
		05569ADB1F5C7001000147B0 /* IQTextView.swift */ = {isa = PBXFileReference; fileEncoding = 4; lastKnownFileType = sourcecode.swift; path = IQTextView.swift; sourceTree = "<group>"; };
		05569ADD1F5C7001000147B0 /* IQBarButtonItem.swift */ = {isa = PBXFileReference; fileEncoding = 4; lastKnownFileType = sourcecode.swift; path = IQBarButtonItem.swift; sourceTree = "<group>"; };
		05569ADE1F5C7001000147B0 /* IQPreviousNextView.swift */ = {isa = PBXFileReference; fileEncoding = 4; lastKnownFileType = sourcecode.swift; path = IQPreviousNextView.swift; sourceTree = "<group>"; };
		05569ADF1F5C7001000147B0 /* IQTitleBarButtonItem.swift */ = {isa = PBXFileReference; fileEncoding = 4; lastKnownFileType = sourcecode.swift; path = IQTitleBarButtonItem.swift; sourceTree = "<group>"; };
		05569AE01F5C7001000147B0 /* IQToolbar.swift */ = {isa = PBXFileReference; fileEncoding = 4; lastKnownFileType = sourcecode.swift; path = IQToolbar.swift; sourceTree = "<group>"; };
		05569AE11F5C7001000147B0 /* IQUIView+IQKeyboardToolbar.swift */ = {isa = PBXFileReference; fileEncoding = 4; lastKnownFileType = sourcecode.swift; path = "IQUIView+IQKeyboardToolbar.swift"; sourceTree = "<group>"; };
		05569AE31F5C7001000147B0 /* IQKeyboardManager.bundle */ = {isa = PBXFileReference; lastKnownFileType = "wrapper.plug-in"; path = IQKeyboardManager.bundle; sourceTree = "<group>"; };
		05922A871F633B05003AA597 /* MySocial.entitlements */ = {isa = PBXFileReference; lastKnownFileType = text.plist.entitlements; path = MySocial.entitlements; sourceTree = "<group>"; };
		05F2A7221F5068220083C889 /* MySocial.app */ = {isa = PBXFileReference; explicitFileType = wrapper.application; includeInIndex = 0; path = MySocial.app; sourceTree = BUILT_PRODUCTS_DIR; };
		05F2A7251F5068220083C889 /* AppDelegate.swift */ = {isa = PBXFileReference; lastKnownFileType = sourcecode.swift; path = AppDelegate.swift; sourceTree = "<group>"; };
		05F2A7271F5068220083C889 /* SignInVC.swift */ = {isa = PBXFileReference; lastKnownFileType = sourcecode.swift; path = SignInVC.swift; sourceTree = "<group>"; };
		05F2A72A1F5068220083C889 /* Base */ = {isa = PBXFileReference; lastKnownFileType = file.storyboard; name = Base; path = Base.lproj/Main.storyboard; sourceTree = "<group>"; };
		05F2A72C1F5068220083C889 /* Assets.xcassets */ = {isa = PBXFileReference; lastKnownFileType = folder.assetcatalog; path = Assets.xcassets; sourceTree = "<group>"; };
		05F2A72F1F5068220083C889 /* Base */ = {isa = PBXFileReference; lastKnownFileType = file.storyboard; name = Base; path = Base.lproj/LaunchScreen.storyboard; sourceTree = "<group>"; };
		05F2A7311F5068220083C889 /* Info.plist */ = {isa = PBXFileReference; lastKnownFileType = text.plist.xml; path = Info.plist; sourceTree = "<group>"; };
		05F2A7371F50687B0083C889 /* GoogleService-Info.plist */ = {isa = PBXFileReference; fileEncoding = 4; lastKnownFileType = text.plist.xml; path = "GoogleService-Info.plist"; sourceTree = "<group>"; };
		05F2A73C1F507CBA0083C889 /* FancyView.swift */ = {isa = PBXFileReference; fileEncoding = 4; lastKnownFileType = sourcecode.swift; path = FancyView.swift; sourceTree = "<group>"; };
		05F2A73F1F507D230083C889 /* Constants.swift */ = {isa = PBXFileReference; fileEncoding = 4; lastKnownFileType = sourcecode.swift; path = Constants.swift; sourceTree = "<group>"; };
		05F2A7411F507EBA0083C889 /* RoundBtn.swift */ = {isa = PBXFileReference; fileEncoding = 4; lastKnownFileType = sourcecode.swift; path = RoundBtn.swift; sourceTree = "<group>"; };
		05F2A7431F5081170083C889 /* FancyField.swift */ = {isa = PBXFileReference; fileEncoding = 4; lastKnownFileType = sourcecode.swift; path = FancyField.swift; sourceTree = "<group>"; };
		05F2A7451F5082020083C889 /* FancyBtn.swift */ = {isa = PBXFileReference; fileEncoding = 4; lastKnownFileType = sourcecode.swift; path = FancyBtn.swift; sourceTree = "<group>"; };
		05F2A7471F50ABD80083C889 /* FeedVC.swift */ = {isa = PBXFileReference; fileEncoding = 4; lastKnownFileType = sourcecode.swift; path = FeedVC.swift; sourceTree = "<group>"; };
		C8B232E34C96D12ECFA6A286 /* Pods-MySocial.debug.xcconfig */ = {isa = PBXFileReference; includeInIndex = 1; lastKnownFileType = text.xcconfig; name = "Pods-MySocial.debug.xcconfig"; path = "Pods/Target Support Files/Pods-MySocial/Pods-MySocial.debug.xcconfig"; sourceTree = "<group>"; };
		D6771E43D60F99E6518A8A8D /* Pods_MySocial.framework */ = {isa = PBXFileReference; explicitFileType = wrapper.framework; includeInIndex = 0; path = Pods_MySocial.framework; sourceTree = BUILT_PRODUCTS_DIR; };
		E102668C37737EA7DCB846E4 /* Pods-MySocial.release.xcconfig */ = {isa = PBXFileReference; includeInIndex = 1; lastKnownFileType = text.xcconfig; name = "Pods-MySocial.release.xcconfig"; path = "Pods/Target Support Files/Pods-MySocial/Pods-MySocial.release.xcconfig"; sourceTree = "<group>"; };
/* End PBXFileReference section */

/* Begin PBXFrameworksBuildPhase section */
		05F2A71F1F5068220083C889 /* Frameworks */ = {
			isa = PBXFrameworksBuildPhase;
			buildActionMask = 2147483647;
			files = (
				FEAF963BDF122D1FA239B81B /* Pods_MySocial.framework in Frameworks */,
			);
			runOnlyForDeploymentPostprocessing = 0;
		};
/* End PBXFrameworksBuildPhase section */

/* Begin PBXGroup section */
		050F38541F53513C0058C72D /* Services */ = {
			isa = PBXGroup;
			children = (
				050F38551F5351510058C72D /* DataService.swift */,
			);
			name = Services;
			sourceTree = "<group>";
		};
		05569ACC1F5C7001000147B0 /* IQKeyboardManagerSwift */ = {
			isa = PBXGroup;
			children = (
				05569ACD1F5C7001000147B0 /* Categories */,
				05569AD41F5C7001000147B0 /* Constants */,
				05569AD71F5C7001000147B0 /* IQKeyboardManager.swift */,
				05569AD81F5C7001000147B0 /* IQKeyboardManagerSwift.h */,
				05569AD91F5C7001000147B0 /* IQKeyboardReturnKeyHandler.swift */,
				05569ADA1F5C7001000147B0 /* IQTextView */,
				05569ADC1F5C7001000147B0 /* IQToolbar */,
				05569AE21F5C7001000147B0 /* Resources */,
			);
			path = IQKeyboardManagerSwift;
			sourceTree = "<group>";
		};
		05569ACD1F5C7001000147B0 /* Categories */ = {
			isa = PBXGroup;
			children = (
				05569ACE1F5C7001000147B0 /* IQNSArray+Sort.swift */,
				05569ACF1F5C7001000147B0 /* IQUIScrollView+Additions.swift */,
				05569AD01F5C7001000147B0 /* IQUITextFieldView+Additions.swift */,
				05569AD11F5C7001000147B0 /* IQUIView+Hierarchy.swift */,
				05569AD21F5C7001000147B0 /* IQUIViewController+Additions.swift */,
				05569AD31F5C7001000147B0 /* IQUIWindow+Hierarchy.swift */,
			);
			path = Categories;
			sourceTree = "<group>";
		};
		05569AD41F5C7001000147B0 /* Constants */ = {
			isa = PBXGroup;
			children = (
				05569AD51F5C7001000147B0 /* IQKeyboardManagerConstants.swift */,
				05569AD61F5C7001000147B0 /* IQKeyboardManagerConstantsInternal.swift */,
			);
			path = Constants;
			sourceTree = "<group>";
		};
		05569ADA1F5C7001000147B0 /* IQTextView */ = {
			isa = PBXGroup;
			children = (
				05569ADB1F5C7001000147B0 /* IQTextView.swift */,
			);
			path = IQTextView;
			sourceTree = "<group>";
		};
		05569ADC1F5C7001000147B0 /* IQToolbar */ = {
			isa = PBXGroup;
			children = (
				05569ADD1F5C7001000147B0 /* IQBarButtonItem.swift */,
				05569ADE1F5C7001000147B0 /* IQPreviousNextView.swift */,
				05569ADF1F5C7001000147B0 /* IQTitleBarButtonItem.swift */,
				05569AE01F5C7001000147B0 /* IQToolbar.swift */,
				05569AE11F5C7001000147B0 /* IQUIView+IQKeyboardToolbar.swift */,
			);
			path = IQToolbar;
			sourceTree = "<group>";
		};
		05569AE21F5C7001000147B0 /* Resources */ = {
			isa = PBXGroup;
			children = (
				05569AE31F5C7001000147B0 /* IQKeyboardManager.bundle */,
			);
			path = Resources;
			sourceTree = "<group>";
		};
		05F2A7191F5068220083C889 = {
			isa = PBXGroup;
			children = (
				05F2A7241F5068220083C889 /* MySocial */,
				05F2A7231F5068220083C889 /* Products */,
				D2641B9237B2B6AA6B97230B /* Pods */,
				CFD494E05302EB65B6CB7745 /* Frameworks */,
			);
			sourceTree = "<group>";
		};
		05F2A7231F5068220083C889 /* Products */ = {
			isa = PBXGroup;
			children = (
				05F2A7221F5068220083C889 /* MySocial.app */,
			);
			name = Products;
			sourceTree = "<group>";
		};
		05F2A7241F5068220083C889 /* MySocial */ = {
			isa = PBXGroup;
			children = (
				05922A871F633B05003AA597 /* MySocial.entitlements */,
				050F38541F53513C0058C72D /* Services */,
				05F2A73E1F507D150083C889 /* Util */,
				05F2A7391F506A6D0083C889 /* Model */,
				05F2A73B1F506A800083C889 /* View */,
				05F2A73A1F506A780083C889 /* Controller */,
				05F2A7251F5068220083C889 /* AppDelegate.swift */,
				05569ACC1F5C7001000147B0 /* IQKeyboardManagerSwift */,
				05F2A7291F5068220083C889 /* Main.storyboard */,
				05F2A72C1F5068220083C889 /* Assets.xcassets */,
				05F2A72E1F5068220083C889 /* LaunchScreen.storyboard */,
				05F2A7311F5068220083C889 /* Info.plist */,
				05F2A7371F50687B0083C889 /* GoogleService-Info.plist */,
			);
			path = MySocial;
			sourceTree = "<group>";
		};
		05F2A7391F506A6D0083C889 /* Model */ = {
			isa = PBXGroup;
			children = (
				050F38571F5363C40058C72D /* Post.swift */,
			);
			name = Model;
			sourceTree = "<group>";
		};
		05F2A73A1F506A780083C889 /* Controller */ = {
			isa = PBXGroup;
			children = (
				05F2A7271F5068220083C889 /* SignInVC.swift */,
				05F2A7471F50ABD80083C889 /* FeedVC.swift */,
			);
			name = Controller;
			sourceTree = "<group>";
		};
		05F2A73B1F506A800083C889 /* View */ = {
			isa = PBXGroup;
			children = (
				05F2A73C1F507CBA0083C889 /* FancyView.swift */,
				05F2A7411F507EBA0083C889 /* RoundBtn.swift */,
				05F2A7431F5081170083C889 /* FancyField.swift */,
				05F2A7451F5082020083C889 /* FancyBtn.swift */,
				0544408C1F52B8730023A383 /* CircleView.swift */,
				0544408E1F52D0F60023A383 /* PostCellTableViewCell.swift */,
			);
			name = View;
			sourceTree = "<group>";
		};
		05F2A73E1F507D150083C889 /* Util */ = {
			isa = PBXGroup;
			children = (
				05F2A73F1F507D230083C889 /* Constants.swift */,
			);
			name = Util;
			sourceTree = "<group>";
		};
		CFD494E05302EB65B6CB7745 /* Frameworks */ = {
			isa = PBXGroup;
			children = (
				D6771E43D60F99E6518A8A8D /* Pods_MySocial.framework */,
			);
			name = Frameworks;
			sourceTree = "<group>";
		};
		D2641B9237B2B6AA6B97230B /* Pods */ = {
			isa = PBXGroup;
			children = (
				C8B232E34C96D12ECFA6A286 /* Pods-MySocial.debug.xcconfig */,
				E102668C37737EA7DCB846E4 /* Pods-MySocial.release.xcconfig */,
			);
			name = Pods;
			sourceTree = "<group>";
		};
/* End PBXGroup section */

/* Begin PBXNativeTarget section */
		05F2A7211F5068220083C889 /* MySocial */ = {
			isa = PBXNativeTarget;
			buildConfigurationList = 05F2A7341F5068220083C889 /* Build configuration list for PBXNativeTarget "MySocial" */;
			buildPhases = (
				36824E4ADFCB5857D1E03B85 /* [CP] Check Pods Manifest.lock */,
				05F2A71E1F5068220083C889 /* Sources */,
				05F2A71F1F5068220083C889 /* Frameworks */,
				05F2A7201F5068220083C889 /* Resources */,
				90D05701E45A0AAE2300DEDA /* [CP] Embed Pods Frameworks */,
				533F27615E51ECF3AC1528D1 /* [CP] Copy Pods Resources */,
			);
			buildRules = (
			);
			dependencies = (
			);
			name = MySocial;
			productName = MySocial;
			productReference = 05F2A7221F5068220083C889 /* MySocial.app */;
			productType = "com.apple.product-type.application";
		};
/* End PBXNativeTarget section */

/* Begin PBXProject section */
		05F2A71A1F5068220083C889 /* Project object */ = {
			isa = PBXProject;
			attributes = {
				LastSwiftUpdateCheck = 0830;
				LastUpgradeCheck = 0830;
				ORGANIZATIONNAME = "Fabian Menn";
				TargetAttributes = {
					05F2A7211F5068220083C889 = {
						CreatedOnToolsVersion = 8.3.3;
						DevelopmentTeam = ZG8RRVR886;
						ProvisioningStyle = Automatic;
						SystemCapabilities = {
							com.apple.Keychain = {
								enabled = 1;
							};
						};
					};
				};
			};
			buildConfigurationList = 05F2A71D1F5068220083C889 /* Build configuration list for PBXProject "MySocial" */;
			compatibilityVersion = "Xcode 3.2";
			developmentRegion = English;
			hasScannedForEncodings = 0;
			knownRegions = (
				en,
				Base,
			);
			mainGroup = 05F2A7191F5068220083C889;
			productRefGroup = 05F2A7231F5068220083C889 /* Products */;
			projectDirPath = "";
			projectRoot = "";
			targets = (
				05F2A7211F5068220083C889 /* MySocial */,
			);
		};
/* End PBXProject section */

/* Begin PBXResourcesBuildPhase section */
		05F2A7201F5068220083C889 /* Resources */ = {
			isa = PBXResourcesBuildPhase;
			buildActionMask = 2147483647;
			files = (
				05569AF41F5C7001000147B0 /* IQKeyboardManager.bundle in Resources */,
				05F2A7301F5068220083C889 /* LaunchScreen.storyboard in Resources */,
				05F2A72D1F5068220083C889 /* Assets.xcassets in Resources */,
				05F2A7381F50687B0083C889 /* GoogleService-Info.plist in Resources */,
				05F2A72B1F5068220083C889 /* Main.storyboard in Resources */,
			);
			runOnlyForDeploymentPostprocessing = 0;
		};
/* End PBXResourcesBuildPhase section */

/* Begin PBXShellScriptBuildPhase section */
		36824E4ADFCB5857D1E03B85 /* [CP] Check Pods Manifest.lock */ = {
			isa = PBXShellScriptBuildPhase;
			buildActionMask = 2147483647;
			files = (
			);
			inputPaths = (
				"${PODS_PODFILE_DIR_PATH}/Podfile.lock",
				"${PODS_ROOT}/Manifest.lock",
			);
			name = "[CP] Check Pods Manifest.lock";
			outputPaths = (
				"$(DERIVED_FILE_DIR)/Pods-MySocial-checkManifestLockResult.txt",
			);
			runOnlyForDeploymentPostprocessing = 0;
			shellPath = /bin/sh;
			shellScript = "diff \"${PODS_PODFILE_DIR_PATH}/Podfile.lock\" \"${PODS_ROOT}/Manifest.lock\" > /dev/null\nif [ $? != 0 ] ; then\n    # print error to STDERR\n    echo \"error: The sandbox is not in sync with the Podfile.lock. Run 'pod install' or update your CocoaPods installation.\" >&2\n    exit 1\nfi\n# This output is used by Xcode 'outputs' to avoid re-running this script phase.\necho \"SUCCESS\" > \"${SCRIPT_OUTPUT_FILE_0}\"\n";
			showEnvVarsInLog = 0;
		};
		533F27615E51ECF3AC1528D1 /* [CP] Copy Pods Resources */ = {
			isa = PBXShellScriptBuildPhase;
			buildActionMask = 2147483647;
			files = (
			);
			inputPaths = (
			);
			name = "[CP] Copy Pods Resources";
			outputPaths = (
			);
			runOnlyForDeploymentPostprocessing = 0;
			shellPath = /bin/sh;
			shellScript = "\"${SRCROOT}/Pods/Target Support Files/Pods-MySocial/Pods-MySocial-resources.sh\"\n";
			showEnvVarsInLog = 0;
		};
		90D05701E45A0AAE2300DEDA /* [CP] Embed Pods Frameworks */ = {
			isa = PBXShellScriptBuildPhase;
			buildActionMask = 2147483647;
			files = (
			);
			inputPaths = (
				"${SRCROOT}/Pods/Target Support Files/Pods-MySocial/Pods-MySocial-frameworks.sh",
				"${BUILT_PRODUCTS_DIR}/Bolts/Bolts.framework",
				"${BUILT_PRODUCTS_DIR}/FBSDKCoreKit/FBSDKCoreKit.framework",
				"${BUILT_PRODUCTS_DIR}/FBSDKLoginKit/FBSDKLoginKit.framework",
				"${BUILT_PRODUCTS_DIR}/GTMSessionFetcher/GTMSessionFetcher.framework",
				"${BUILT_PRODUCTS_DIR}/GoogleToolboxForMac/GoogleToolboxForMac.framework",
				"${BUILT_PRODUCTS_DIR}/SwiftKeychainWrapper/SwiftKeychainWrapper.framework",
				"${BUILT_PRODUCTS_DIR}/leveldb-library/leveldb.framework",
				"${BUILT_PRODUCTS_DIR}/nanopb/nanopb.framework",
			);
			name = "[CP] Embed Pods Frameworks";
			outputPaths = (
				"${TARGET_BUILD_DIR}/${FRAMEWORKS_FOLDER_PATH}/Bolts.framework",
				"${TARGET_BUILD_DIR}/${FRAMEWORKS_FOLDER_PATH}/FBSDKCoreKit.framework",
				"${TARGET_BUILD_DIR}/${FRAMEWORKS_FOLDER_PATH}/FBSDKLoginKit.framework",
				"${TARGET_BUILD_DIR}/${FRAMEWORKS_FOLDER_PATH}/GTMSessionFetcher.framework",
				"${TARGET_BUILD_DIR}/${FRAMEWORKS_FOLDER_PATH}/GoogleToolboxForMac.framework",
				"${TARGET_BUILD_DIR}/${FRAMEWORKS_FOLDER_PATH}/SwiftKeychainWrapper.framework",
				"${TARGET_BUILD_DIR}/${FRAMEWORKS_FOLDER_PATH}/leveldb.framework",
				"${TARGET_BUILD_DIR}/${FRAMEWORKS_FOLDER_PATH}/nanopb.framework",
			);
			runOnlyForDeploymentPostprocessing = 0;
			shellPath = /bin/sh;
			shellScript = "\"${SRCROOT}/Pods/Target Support Files/Pods-MySocial/Pods-MySocial-frameworks.sh\"\n";
			showEnvVarsInLog = 0;
		};
/* End PBXShellScriptBuildPhase section */

/* Begin PBXSourcesBuildPhase section */
		05F2A71E1F5068220083C889 /* Sources */ = {
			isa = PBXSourcesBuildPhase;
			buildActionMask = 2147483647;
			files = (
				05569AE71F5C7001000147B0 /* IQUIView+Hierarchy.swift in Sources */,
				0544408D1F52B8730023A383 /* CircleView.swift in Sources */,
				05569AED1F5C7001000147B0 /* IQKeyboardReturnKeyHandler.swift in Sources */,
				05F2A7441F5081170083C889 /* FancyField.swift in Sources */,
				05569AE91F5C7001000147B0 /* IQUIWindow+Hierarchy.swift in Sources */,
				05F2A7481F50ABD80083C889 /* FeedVC.swift in Sources */,
				05569AF01F5C7001000147B0 /* IQPreviousNextView.swift in Sources */,
				050F38581F5363C40058C72D /* Post.swift in Sources */,
				05569AEC1F5C7001000147B0 /* IQKeyboardManager.swift in Sources */,
				05569AE41F5C7001000147B0 /* IQNSArray+Sort.swift in Sources */,
				05569AE61F5C7001000147B0 /* IQUITextFieldView+Additions.swift in Sources */,
				05569AE81F5C7001000147B0 /* IQUIViewController+Additions.swift in Sources */,
				05569AEE1F5C7001000147B0 /* IQTextView.swift in Sources */,
				05569AE51F5C7001000147B0 /* IQUIScrollView+Additions.swift in Sources */,
				05569AF31F5C7001000147B0 /* IQUIView+IQKeyboardToolbar.swift in Sources */,
				0544408F1F52D0F60023A383 /* PostCellTableViewCell.swift in Sources */,
				05569AF11F5C7001000147B0 /* IQTitleBarButtonItem.swift in Sources */,
				05F2A7281F5068220083C889 /* SignInVC.swift in Sources */,
				05569AF21F5C7001000147B0 /* IQToolbar.swift in Sources */,
				050F38561F5351510058C72D /* DataService.swift in Sources */,
				05569AEA1F5C7001000147B0 /* IQKeyboardManagerConstants.swift in Sources */,
				05F2A7421F507EBA0083C889 /* RoundBtn.swift in Sources */,
				05569AEF1F5C7001000147B0 /* IQBarButtonItem.swift in Sources */,
				05569AEB1F5C7001000147B0 /* IQKeyboardManagerConstantsInternal.swift in Sources */,
				05F2A7261F5068220083C889 /* AppDelegate.swift in Sources */,
				05F2A73D1F507CBA0083C889 /* FancyView.swift in Sources */,
				05F2A7401F507D230083C889 /* Constants.swift in Sources */,
				05F2A7461F5082020083C889 /* FancyBtn.swift in Sources */,
			);
			runOnlyForDeploymentPostprocessing = 0;
		};
/* End PBXSourcesBuildPhase section */

/* Begin PBXVariantGroup section */
		05F2A7291F5068220083C889 /* Main.storyboard */ = {
			isa = PBXVariantGroup;
			children = (
				05F2A72A1F5068220083C889 /* Base */,
			);
			name = Main.storyboard;
			sourceTree = "<group>";
		};
		05F2A72E1F5068220083C889 /* LaunchScreen.storyboard */ = {
			isa = PBXVariantGroup;
			children = (
				05F2A72F1F5068220083C889 /* Base */,
			);
			name = LaunchScreen.storyboard;
			sourceTree = "<group>";
		};
/* End PBXVariantGroup section */

/* Begin XCBuildConfiguration section */
		05F2A7321F5068220083C889 /* Debug */ = {
			isa = XCBuildConfiguration;
			buildSettings = {
				ALWAYS_SEARCH_USER_PATHS = NO;
				CLANG_ANALYZER_NONNULL = YES;
				CLANG_ANALYZER_NUMBER_OBJECT_CONVERSION = YES_AGGRESSIVE;
				CLANG_CXX_LANGUAGE_STANDARD = "gnu++0x";
				CLANG_CXX_LIBRARY = "libc++";
				CLANG_ENABLE_MODULES = YES;
				CLANG_ENABLE_OBJC_ARC = YES;
				CLANG_WARN_BOOL_CONVERSION = YES;
				CLANG_WARN_CONSTANT_CONVERSION = YES;
				CLANG_WARN_DIRECT_OBJC_ISA_USAGE = YES_ERROR;
				CLANG_WARN_DOCUMENTATION_COMMENTS = YES;
				CLANG_WARN_EMPTY_BODY = YES;
				CLANG_WARN_ENUM_CONVERSION = YES;
				CLANG_WARN_INFINITE_RECURSION = YES;
				CLANG_WARN_INT_CONVERSION = YES;
				CLANG_WARN_OBJC_ROOT_CLASS = YES_ERROR;
				CLANG_WARN_SUSPICIOUS_MOVE = YES;
				CLANG_WARN_UNREACHABLE_CODE = YES;
				CLANG_WARN__DUPLICATE_METHOD_MATCH = YES;
				"CODE_SIGN_IDENTITY[sdk=iphoneos*]" = "iPhone Developer";
				COPY_PHASE_STRIP = NO;
				DEBUG_INFORMATION_FORMAT = dwarf;
				ENABLE_STRICT_OBJC_MSGSEND = YES;
				ENABLE_TESTABILITY = YES;
				GCC_C_LANGUAGE_STANDARD = gnu99;
				GCC_DYNAMIC_NO_PIC = NO;
				GCC_NO_COMMON_BLOCKS = YES;
				GCC_OPTIMIZATION_LEVEL = 0;
				GCC_PREPROCESSOR_DEFINITIONS = (
					"DEBUG=1",
					"$(inherited)",
				);
				GCC_WARN_64_TO_32_BIT_CONVERSION = YES;
				GCC_WARN_ABOUT_RETURN_TYPE = YES_ERROR;
				GCC_WARN_UNDECLARED_SELECTOR = YES;
				GCC_WARN_UNINITIALIZED_AUTOS = YES_AGGRESSIVE;
				GCC_WARN_UNUSED_FUNCTION = YES;
				GCC_WARN_UNUSED_VARIABLE = YES;
				IPHONEOS_DEPLOYMENT_TARGET = 10.3;
				MTL_ENABLE_DEBUG_INFO = YES;
				ONLY_ACTIVE_ARCH = YES;
				SDKROOT = iphoneos;
				SWIFT_ACTIVE_COMPILATION_CONDITIONS = DEBUG;
				SWIFT_OPTIMIZATION_LEVEL = "-Onone";
			};
			name = Debug;
		};
		05F2A7331F5068220083C889 /* Release */ = {
			isa = XCBuildConfiguration;
			buildSettings = {
				ALWAYS_SEARCH_USER_PATHS = NO;
				CLANG_ANALYZER_NONNULL = YES;
				CLANG_ANALYZER_NUMBER_OBJECT_CONVERSION = YES_AGGRESSIVE;
				CLANG_CXX_LANGUAGE_STANDARD = "gnu++0x";
				CLANG_CXX_LIBRARY = "libc++";
				CLANG_ENABLE_MODULES = YES;
				CLANG_ENABLE_OBJC_ARC = YES;
				CLANG_WARN_BOOL_CONVERSION = YES;
				CLANG_WARN_CONSTANT_CONVERSION = YES;
				CLANG_WARN_DIRECT_OBJC_ISA_USAGE = YES_ERROR;
				CLANG_WARN_DOCUMENTATION_COMMENTS = YES;
				CLANG_WARN_EMPTY_BODY = YES;
				CLANG_WARN_ENUM_CONVERSION = YES;
				CLANG_WARN_INFINITE_RECURSION = YES;
				CLANG_WARN_INT_CONVERSION = YES;
				CLANG_WARN_OBJC_ROOT_CLASS = YES_ERROR;
				CLANG_WARN_SUSPICIOUS_MOVE = YES;
				CLANG_WARN_UNREACHABLE_CODE = YES;
				CLANG_WARN__DUPLICATE_METHOD_MATCH = YES;
				"CODE_SIGN_IDENTITY[sdk=iphoneos*]" = "iPhone Developer";
				COPY_PHASE_STRIP = NO;
				DEBUG_INFORMATION_FORMAT = "dwarf-with-dsym";
				ENABLE_NS_ASSERTIONS = NO;
				ENABLE_STRICT_OBJC_MSGSEND = YES;
				GCC_C_LANGUAGE_STANDARD = gnu99;
				GCC_NO_COMMON_BLOCKS = YES;
				GCC_WARN_64_TO_32_BIT_CONVERSION = YES;
				GCC_WARN_ABOUT_RETURN_TYPE = YES_ERROR;
				GCC_WARN_UNDECLARED_SELECTOR = YES;
				GCC_WARN_UNINITIALIZED_AUTOS = YES_AGGRESSIVE;
				GCC_WARN_UNUSED_FUNCTION = YES;
				GCC_WARN_UNUSED_VARIABLE = YES;
				IPHONEOS_DEPLOYMENT_TARGET = 10.3;
				MTL_ENABLE_DEBUG_INFO = NO;
				SDKROOT = iphoneos;
				SWIFT_OPTIMIZATION_LEVEL = "-Owholemodule";
				VALIDATE_PRODUCT = YES;
			};
			name = Release;
		};
		05F2A7351F5068220083C889 /* Debug */ = {
			isa = XCBuildConfiguration;
			baseConfigurationReference = C8B232E34C96D12ECFA6A286 /* Pods-MySocial.debug.xcconfig */;
			buildSettings = {
				ASSETCATALOG_COMPILER_APPICON_NAME = AppIcon;
				CODE_SIGN_ENTITLEMENTS = MySocial/MySocial.entitlements;
				DEVELOPMENT_TEAM = ZG8RRVR886;
				INFOPLIST_FILE = MySocial/Info.plist;
				LD_RUNPATH_SEARCH_PATHS = "$(inherited) @executable_path/Frameworks";
				PRODUCT_BUNDLE_IDENTIFIER = fabian.MySocial;
				PRODUCT_NAME = "$(TARGET_NAME)";
				SWIFT_VERSION = 3.0;
			};
			name = Debug;
		};
		05F2A7361F5068220083C889 /* Release */ = {
			isa = XCBuildConfiguration;
			baseConfigurationReference = E102668C37737EA7DCB846E4 /* Pods-MySocial.release.xcconfig */;
			buildSettings = {
				ASSETCATALOG_COMPILER_APPICON_NAME = AppIcon;
				CODE_SIGN_ENTITLEMENTS = MySocial/MySocial.entitlements;
				DEVELOPMENT_TEAM = ZG8RRVR886;
				INFOPLIST_FILE = MySocial/Info.plist;
				LD_RUNPATH_SEARCH_PATHS = "$(inherited) @executable_path/Frameworks";
				PRODUCT_BUNDLE_IDENTIFIER = fabian.MySocial;
				PRODUCT_NAME = "$(TARGET_NAME)";
				SWIFT_VERSION = 3.0;
			};
			name = Release;
		};
/* End XCBuildConfiguration section */

/* Begin XCConfigurationList section */
		05F2A71D1F5068220083C889 /* Build configuration list for PBXProject "MySocial" */ = {
			isa = XCConfigurationList;
			buildConfigurations = (
				05F2A7321F5068220083C889 /* Debug */,
				05F2A7331F5068220083C889 /* Release */,
			);
			defaultConfigurationIsVisible = 0;
			defaultConfigurationName = Release;
		};
		05F2A7341F5068220083C889 /* Build configuration list for PBXNativeTarget "MySocial" */ = {
			isa = XCConfigurationList;
			buildConfigurations = (
				05F2A7351F5068220083C889 /* Debug */,
				05F2A7361F5068220083C889 /* Release */,
			);
			defaultConfigurationIsVisible = 0;
			defaultConfigurationName = Release;
		};
/* End XCConfigurationList section */
	};
	rootObject = 05F2A71A1F5068220083C889 /* Project object */;
}
